// !$*UTF8*$!
{
	archiveVersion = 1;
	classes = {
	};
	objectVersion = 46;
	objects = {

/* Begin PBXBuildFile section */
		29028B7D1EA7EE5F00367FE4 /* SAMatchmaker.m in Sources */ = {isa = PBXBuildFile; fileRef = 29028B7C1EA7EE5F00367FE4 /* SAMatchmaker.m */; };
		29028B801EA7EEB600367FE4 /* SAParty.m in Sources */ = {isa = PBXBuildFile; fileRef = 29028B7F1EA7EEB600367FE4 /* SAParty.m */; };
		29763C091EB9709500DFEE7A /* SANewEvent6ViewController.m in Sources */ = {isa = PBXBuildFile; fileRef = 29763C081EB9709500DFEE7A /* SANewEvent6ViewController.m */; };
		29763C0C1EB9723200DFEE7A /* SAFriendCollectionViewCell.m in Sources */ = {isa = PBXBuildFile; fileRef = 29763C0B1EB9723200DFEE7A /* SAFriendCollectionViewCell.m */; };
		29763C101EB993D200DFEE7A /* SAShiftCollectionViewCell.m in Sources */ = {isa = PBXBuildFile; fileRef = 29763C0F1EB993D200DFEE7A /* SAShiftCollectionViewCell.m */; };
		29763C161EBBC78600DFEE7A /* SANewEventButton.m in Sources */ = {isa = PBXBuildFile; fileRef = 29763C151EBBC78600DFEE7A /* SANewEventButton.m */; };
		29A4CA491EB20D2500DCA3FA /* NewEvent.storyboard in Resources */ = {isa = PBXBuildFile; fileRef = 29A4CA481EB20D2500DCA3FA /* NewEvent.storyboard */; };
		29A4CA4C1EB22F7A00DCA3FA /* SANewEvent1ViewController.m in Sources */ = {isa = PBXBuildFile; fileRef = 29A4CA4B1EB22F7A00DCA3FA /* SANewEvent1ViewController.m */; };
		29A4CA4F1EB22F8D00DCA3FA /* SANewEvent2ViewController.m in Sources */ = {isa = PBXBuildFile; fileRef = 29A4CA4E1EB22F8D00DCA3FA /* SANewEvent2ViewController.m */; };
		29A4CA521EB22F9C00DCA3FA /* SANewEvent3ViewController.m in Sources */ = {isa = PBXBuildFile; fileRef = 29A4CA511EB22F9C00DCA3FA /* SANewEvent3ViewController.m */; };
		29A4CA551EB22FA800DCA3FA /* SANewEvent4ViewController.m in Sources */ = {isa = PBXBuildFile; fileRef = 29A4CA541EB22FA800DCA3FA /* SANewEvent4ViewController.m */; };
		29D5F7081EC4D78D005A3B1F /* SAEventViewController.m in Sources */ = {isa = PBXBuildFile; fileRef = 29D5F7071EC4D78D005A3B1F /* SAEventViewController.m */; };
		29D5F70B1EC4D799005A3B1F /* SAInterestsCollectionReusableView.m in Sources */ = {isa = PBXBuildFile; fileRef = 29D5F70A1EC4D799005A3B1F /* SAInterestsCollectionReusableView.m */; };
		29E2480C1EB8C07000088B98 /* SAFriendTableViewCell.m in Sources */ = {isa = PBXBuildFile; fileRef = 29E2480B1EB8C07000088B98 /* SAFriendTableViewCell.m */; };
		29E248101EB8C67F00088B98 /* SALocationTableViewCell.m in Sources */ = {isa = PBXBuildFile; fileRef = 29E2480F1EB8C67F00088B98 /* SALocationTableViewCell.m */; };
		29E248131EB8CECD00088B98 /* SANewEvent5ViewController.m in Sources */ = {isa = PBXBuildFile; fileRef = 29E248121EB8CECD00088B98 /* SANewEvent5ViewController.m */; };
		29FF42531EABD8F700304B26 /* SAUser.m in Sources */ = {isa = PBXBuildFile; fileRef = 29FF42521EABD8F700304B26 /* SAUser.m */; };
		8406A8D91EA6761500C60267 /* main.m in Sources */ = {isa = PBXBuildFile; fileRef = 8406A8D81EA6761500C60267 /* main.m */; };
		8406A8DC1EA6761500C60267 /* AppDelegate.m in Sources */ = {isa = PBXBuildFile; fileRef = 8406A8DB1EA6761500C60267 /* AppDelegate.m */; };
		8406A8DF1EA6761500C60267 /* SAViewController.m in Sources */ = {isa = PBXBuildFile; fileRef = 8406A8DE1EA6761500C60267 /* SAViewController.m */; };
		8406A8E21EA6761500C60267 /* Main.storyboard in Resources */ = {isa = PBXBuildFile; fileRef = 8406A8E01EA6761500C60267 /* Main.storyboard */; };
		8406A8E41EA6761500C60267 /* Assets.xcassets in Resources */ = {isa = PBXBuildFile; fileRef = 8406A8E31EA6761500C60267 /* Assets.xcassets */; };
		8406A8E71EA6761500C60267 /* LaunchScreen.storyboard in Resources */ = {isa = PBXBuildFile; fileRef = 8406A8E51EA6761500C60267 /* LaunchScreen.storyboard */; };
		8406A8F11EA6763900C60267 /* CloudKit.framework in Frameworks */ = {isa = PBXBuildFile; fileRef = 8406A8F01EA6763900C60267 /* CloudKit.framework */; };
		842B42591EAF67EA0096BD37 /* SAEventDAO.m in Sources */ = {isa = PBXBuildFile; fileRef = 842B42581EAF67EA0096BD37 /* SAEventDAO.m */; };
		842B42631EAF7C400096BD37 /* SAEventConnector.m in Sources */ = {isa = PBXBuildFile; fileRef = 842B42621EAF7C400096BD37 /* SAEventConnector.m */; };
		847F5E351EA714180091BAE9 /* SAEvent.m in Sources */ = {isa = PBXBuildFile; fileRef = 847F5E341EA714180091BAE9 /* SAEvent.m */; };
		847F5E391EA715170091BAE9 /* SAPerson.m in Sources */ = {isa = PBXBuildFile; fileRef = 847F5E381EA715170091BAE9 /* SAPerson.m */; };
		849AC2141EB012B800A7BD22 /* SAActivityDAO.m in Sources */ = {isa = PBXBuildFile; fileRef = 849AC2131EB012B800A7BD22 /* SAActivityDAO.m */; };
		849AC2171EB012C600A7BD22 /* SAActivityConnector.m in Sources */ = {isa = PBXBuildFile; fileRef = 849AC2161EB012C600A7BD22 /* SAActivityConnector.m */; };
		84B17E041EC644BD009480DA /* SAAskTheUserToCustomizeProfileViewController.m in Sources */ = {isa = PBXBuildFile; fileRef = 84B17E031EC644BD009480DA /* SAAskTheUserToCustomizeProfileViewController.m */; };
		84CBE4691EB152EA00ACD0DF /* SAPersonConnector.m in Sources */ = {isa = PBXBuildFile; fileRef = 84CBE4681EB152EA00ACD0DF /* SAPersonConnector.m */; };
		84CBE46F1EB230E300ACD0DF /* SAEventListViewController.m in Sources */ = {isa = PBXBuildFile; fileRef = 84CBE46E1EB230E300ACD0DF /* SAEventListViewController.m */; };
		84CBE4721EB238DB00ACD0DF /* SAEventsTableViewCell.m in Sources */ = {isa = PBXBuildFile; fileRef = 84CBE4711EB238DB00ACD0DF /* SAEventsTableViewCell.m */; };
		84CBE4751EBA38C100ACD0DF /* ClosedEventDescriptionViewController.m in Sources */ = {isa = PBXBuildFile; fileRef = 84CBE4741EBA38C100ACD0DF /* ClosedEventDescriptionViewController.m */; };
		84CBE4781EBA57BF00ACD0DF /* SAClosedEventDescriptionTableViewCell.m in Sources */ = {isa = PBXBuildFile; fileRef = 84CBE4771EBA57BF00ACD0DF /* SAClosedEventDescriptionTableViewCell.m */; };
		84CBE47A1EBA83CB00ACD0DF /* StoryboardDaBarbara.storyboard in Resources */ = {isa = PBXBuildFile; fileRef = 84CBE4791EBA83CB00ACD0DF /* StoryboardDaBarbara.storyboard */; };
		84D4C2C91EBFACBC00291DDE /* CoreLocation.framework in Frameworks */ = {isa = PBXBuildFile; fileRef = 84D4C2C81EBFACBC00291DDE /* CoreLocation.framework */; };
		84D4C2CC1EC1686A00291DDE /* SAGenderSelectionViewController.m in Sources */ = {isa = PBXBuildFile; fileRef = 84D4C2CB1EC1686A00291DDE /* SAGenderSelectionViewController.m */; };
		84DC117D1EACF32100A9A90C /* SAActivity.m in Sources */ = {isa = PBXBuildFile; fileRef = 84DC117C1EACF32100A9A90C /* SAActivity.m */; };
		84DC11801EACF3D200A9A90C /* SAMatchMakerCore.m in Sources */ = {isa = PBXBuildFile; fileRef = 84DC117F1EACF3D200A9A90C /* SAMatchMakerCore.m */; };
		84DC11841EAD00BD00A9A90C /* SAPersonDAO.m in Sources */ = {isa = PBXBuildFile; fileRef = 84DC11831EAD00BD00A9A90C /* SAPersonDAO.m */; };
		8D1891951EB8FE1A008B050C /* SAEventDescriptionViewController.m in Sources */ = {isa = PBXBuildFile; fileRef = 8D1891941EB8FE1A008B050C /* SAEventDescriptionViewController.m */; };
		8D4824911EB2353400D2FE5B /* SANewsFeedTableViewCell.m in Sources */ = {isa = PBXBuildFile; fileRef = 8D4824901EB2353400D2FE5B /* SANewsFeedTableViewCell.m */; };
		8D7A63BA1EAA5A9000418D39 /* SAProfileViewController.m in Sources */ = {isa = PBXBuildFile; fileRef = 8D7A63B91EAA5A9000418D39 /* SAProfileViewController.m */; };
		8D8693481EC09D4E0007D716 /* SAInterestsNavigationController.m in Sources */ = {isa = PBXBuildFile; fileRef = 8D8693471EC09D4E0007D716 /* SAInterestsNavigationController.m */; };
		8D9A36641EB3BBDE00036272 /* SACustomCell.xib in Resources */ = {isa = PBXBuildFile; fileRef = 8D9A36631EB3BBDE00036272 /* SACustomCell.xib */; };
		8D9A36701EB4E1F600036272 /* SASectionView2.m in Sources */ = {isa = PBXBuildFile; fileRef = 8D9A366F1EB4E1F600036272 /* SASectionView2.m */; };
		8D9A36761EB4E47900036272 /* SASectionView2.xib in Resources */ = {isa = PBXBuildFile; fileRef = 8D9A36751EB4E47900036272 /* SASectionView2.xib */; };
		8DD37CE11EBBEEEC00E1CC1D /* SAAskPhoneViewController.m in Sources */ = {isa = PBXBuildFile; fileRef = 8DD37CE01EBBEEEC00E1CC1D /* SAAskPhoneViewController.m */; };
		8DF8642E1EB2267D00777E98 /* SALogInViewController.m in Sources */ = {isa = PBXBuildFile; fileRef = 8DF8642D1EB2267D00777E98 /* SALogInViewController.m */; };
		8DF864341EB22EE400777E98 /* SANewsFeedTableViewController.m in Sources */ = {isa = PBXBuildFile; fileRef = 8DF864331EB22EE400777E98 /* SANewsFeedTableViewController.m */; };
		AE1602891EB3B81F00E8E68F /* SACollectionButtonViewCell.m in Sources */ = {isa = PBXBuildFile; fileRef = AE1602871EB3B81F00E8E68F /* SACollectionButtonViewCell.m */; };
		AE16028A1EB3B81F00E8E68F /* SACollectionButtonViewCell.xib in Resources */ = {isa = PBXBuildFile; fileRef = AE1602881EB3B81F00E8E68F /* SACollectionButtonViewCell.xib */; };
		AE1602931EB8025B00E8E68F /* SAIntro1ViewController.m in Sources */ = {isa = PBXBuildFile; fileRef = AE1602921EB8025B00E8E68F /* SAIntro1ViewController.m */; };
		AE1602961EB95FC800E8E68F /* SANewViewController.m in Sources */ = {isa = PBXBuildFile; fileRef = AE1602951EB95FC800E8E68F /* SANewViewController.m */; };
		AE1877D91EB38E8300CAFD1A /* SAInterestsCollectionViewController.m in Sources */ = {isa = PBXBuildFile; fileRef = AE1877D81EB38E8300CAFD1A /* SAInterestsCollectionViewController.m */; };
		AE66FF2E1EB10EA2008EBC5E /* Secondary.storyboard in Resources */ = {isa = PBXBuildFile; fileRef = AE66FF2C1EB10EA2008EBC5E /* Secondary.storyboard */; };
		AE66FF371EB10EFA008EBC5E /* SAFirstProfileViewController.m in Sources */ = {isa = PBXBuildFile; fileRef = AE66FF301EB10EFA008EBC5E /* SAFirstProfileViewController.m */; };
		AE66FF381EB10EFA008EBC5E /* SAForgotPasswordViewController.m in Sources */ = {isa = PBXBuildFile; fileRef = AE66FF321EB10EFA008EBC5E /* SAForgotPasswordViewController.m */; };
		AE66FF391EB10EFA008EBC5E /* SAJoinLoginViewController.m in Sources */ = {isa = PBXBuildFile; fileRef = AE66FF341EB10EFA008EBC5E /* SAJoinLoginViewController.m */; };
		AE66FF3A1EB10EFA008EBC5E /* SASecondaryViewController.m in Sources */ = {isa = PBXBuildFile; fileRef = AE66FF361EB10EFA008EBC5E /* SASecondaryViewController.m */; };
		D02D36DC3B0EA2B7089928CB /* libPods-SportsApp.a in Frameworks */ = {isa = PBXBuildFile; fileRef = 7D828BD3FF47E822127BA720 /* libPods-SportsApp.a */; };
/* End PBXBuildFile section */

/* Begin PBXFileReference section */
		1181F65BA0715271D7E885B4 /* Pods-SportsApp.release.xcconfig */ = {isa = PBXFileReference; includeInIndex = 1; lastKnownFileType = text.xcconfig; name = "Pods-SportsApp.release.xcconfig"; path = "Pods/Target Support Files/Pods-SportsApp/Pods-SportsApp.release.xcconfig"; sourceTree = "<group>"; };
		29028B7B1EA7EE5F00367FE4 /* SAMatchmaker.h */ = {isa = PBXFileReference; fileEncoding = 4; lastKnownFileType = sourcecode.c.h; path = SAMatchmaker.h; sourceTree = "<group>"; };
		29028B7C1EA7EE5F00367FE4 /* SAMatchmaker.m */ = {isa = PBXFileReference; fileEncoding = 4; lastKnownFileType = sourcecode.c.objc; path = SAMatchmaker.m; sourceTree = "<group>"; };
		29028B7E1EA7EEB600367FE4 /* SAParty.h */ = {isa = PBXFileReference; fileEncoding = 4; lastKnownFileType = sourcecode.c.h; path = SAParty.h; sourceTree = "<group>"; };
		29028B7F1EA7EEB600367FE4 /* SAParty.m */ = {isa = PBXFileReference; fileEncoding = 4; lastKnownFileType = sourcecode.c.objc; path = SAParty.m; sourceTree = "<group>"; };
		29763C071EB9709500DFEE7A /* SANewEvent6ViewController.h */ = {isa = PBXFileReference; fileEncoding = 4; lastKnownFileType = sourcecode.c.h; path = SANewEvent6ViewController.h; sourceTree = "<group>"; };
		29763C081EB9709500DFEE7A /* SANewEvent6ViewController.m */ = {isa = PBXFileReference; fileEncoding = 4; lastKnownFileType = sourcecode.c.objc; path = SANewEvent6ViewController.m; sourceTree = "<group>"; };
		29763C0A1EB9723200DFEE7A /* SAFriendCollectionViewCell.h */ = {isa = PBXFileReference; fileEncoding = 4; lastKnownFileType = sourcecode.c.h; path = SAFriendCollectionViewCell.h; sourceTree = "<group>"; };
		29763C0B1EB9723200DFEE7A /* SAFriendCollectionViewCell.m */ = {isa = PBXFileReference; fileEncoding = 4; lastKnownFileType = sourcecode.c.objc; path = SAFriendCollectionViewCell.m; sourceTree = "<group>"; };
		29763C0E1EB993D200DFEE7A /* SAShiftCollectionViewCell.h */ = {isa = PBXFileReference; fileEncoding = 4; lastKnownFileType = sourcecode.c.h; path = SAShiftCollectionViewCell.h; sourceTree = "<group>"; };
		29763C0F1EB993D200DFEE7A /* SAShiftCollectionViewCell.m */ = {isa = PBXFileReference; fileEncoding = 4; lastKnownFileType = sourcecode.c.objc; path = SAShiftCollectionViewCell.m; sourceTree = "<group>"; };
		29763C141EBBC78600DFEE7A /* SANewEventButton.h */ = {isa = PBXFileReference; fileEncoding = 4; lastKnownFileType = sourcecode.c.h; path = SANewEventButton.h; sourceTree = "<group>"; };
		29763C151EBBC78600DFEE7A /* SANewEventButton.m */ = {isa = PBXFileReference; fileEncoding = 4; lastKnownFileType = sourcecode.c.objc; path = SANewEventButton.m; sourceTree = "<group>"; };
		29A4CA481EB20D2500DCA3FA /* NewEvent.storyboard */ = {isa = PBXFileReference; fileEncoding = 4; lastKnownFileType = file.storyboard; path = NewEvent.storyboard; sourceTree = "<group>"; };
		29A4CA4A1EB22F7A00DCA3FA /* SANewEvent1ViewController.h */ = {isa = PBXFileReference; fileEncoding = 4; lastKnownFileType = sourcecode.c.h; path = SANewEvent1ViewController.h; sourceTree = "<group>"; };
		29A4CA4B1EB22F7A00DCA3FA /* SANewEvent1ViewController.m */ = {isa = PBXFileReference; fileEncoding = 4; lastKnownFileType = sourcecode.c.objc; path = SANewEvent1ViewController.m; sourceTree = "<group>"; };
		29A4CA4D1EB22F8D00DCA3FA /* SANewEvent2ViewController.h */ = {isa = PBXFileReference; fileEncoding = 4; lastKnownFileType = sourcecode.c.h; path = SANewEvent2ViewController.h; sourceTree = "<group>"; };
		29A4CA4E1EB22F8D00DCA3FA /* SANewEvent2ViewController.m */ = {isa = PBXFileReference; fileEncoding = 4; lastKnownFileType = sourcecode.c.objc; path = SANewEvent2ViewController.m; sourceTree = "<group>"; };
		29A4CA501EB22F9C00DCA3FA /* SANewEvent3ViewController.h */ = {isa = PBXFileReference; fileEncoding = 4; lastKnownFileType = sourcecode.c.h; path = SANewEvent3ViewController.h; sourceTree = "<group>"; };
		29A4CA511EB22F9C00DCA3FA /* SANewEvent3ViewController.m */ = {isa = PBXFileReference; fileEncoding = 4; lastKnownFileType = sourcecode.c.objc; path = SANewEvent3ViewController.m; sourceTree = "<group>"; };
		29A4CA531EB22FA800DCA3FA /* SANewEvent4ViewController.h */ = {isa = PBXFileReference; fileEncoding = 4; lastKnownFileType = sourcecode.c.h; path = SANewEvent4ViewController.h; sourceTree = "<group>"; };
		29A4CA541EB22FA800DCA3FA /* SANewEvent4ViewController.m */ = {isa = PBXFileReference; fileEncoding = 4; lastKnownFileType = sourcecode.c.objc; path = SANewEvent4ViewController.m; sourceTree = "<group>"; };
		29D5F7061EC4D78D005A3B1F /* SAEventViewController.h */ = {isa = PBXFileReference; fileEncoding = 4; lastKnownFileType = sourcecode.c.h; path = SAEventViewController.h; sourceTree = "<group>"; };
		29D5F7071EC4D78D005A3B1F /* SAEventViewController.m */ = {isa = PBXFileReference; fileEncoding = 4; lastKnownFileType = sourcecode.c.objc; path = SAEventViewController.m; sourceTree = "<group>"; };
		29D5F7091EC4D799005A3B1F /* SAInterestsCollectionReusableView.h */ = {isa = PBXFileReference; fileEncoding = 4; lastKnownFileType = sourcecode.c.h; path = SAInterestsCollectionReusableView.h; sourceTree = "<group>"; };
		29D5F70A1EC4D799005A3B1F /* SAInterestsCollectionReusableView.m */ = {isa = PBXFileReference; fileEncoding = 4; lastKnownFileType = sourcecode.c.objc; path = SAInterestsCollectionReusableView.m; sourceTree = "<group>"; };
		29E2480A1EB8C07000088B98 /* SAFriendTableViewCell.h */ = {isa = PBXFileReference; fileEncoding = 4; lastKnownFileType = sourcecode.c.h; path = SAFriendTableViewCell.h; sourceTree = "<group>"; };
		29E2480B1EB8C07000088B98 /* SAFriendTableViewCell.m */ = {isa = PBXFileReference; fileEncoding = 4; lastKnownFileType = sourcecode.c.objc; path = SAFriendTableViewCell.m; sourceTree = "<group>"; };
		29E2480E1EB8C67F00088B98 /* SALocationTableViewCell.h */ = {isa = PBXFileReference; fileEncoding = 4; lastKnownFileType = sourcecode.c.h; path = SALocationTableViewCell.h; sourceTree = "<group>"; };
		29E2480F1EB8C67F00088B98 /* SALocationTableViewCell.m */ = {isa = PBXFileReference; fileEncoding = 4; lastKnownFileType = sourcecode.c.objc; path = SALocationTableViewCell.m; sourceTree = "<group>"; };
		29E248111EB8CECD00088B98 /* SANewEvent5ViewController.h */ = {isa = PBXFileReference; fileEncoding = 4; lastKnownFileType = sourcecode.c.h; path = SANewEvent5ViewController.h; sourceTree = "<group>"; };
		29E248121EB8CECD00088B98 /* SANewEvent5ViewController.m */ = {isa = PBXFileReference; fileEncoding = 4; lastKnownFileType = sourcecode.c.objc; path = SANewEvent5ViewController.m; sourceTree = "<group>"; };
		29FF42511EABD8F700304B26 /* SAUser.h */ = {isa = PBXFileReference; fileEncoding = 4; lastKnownFileType = sourcecode.c.h; path = SAUser.h; sourceTree = "<group>"; };
		29FF42521EABD8F700304B26 /* SAUser.m */ = {isa = PBXFileReference; fileEncoding = 4; lastKnownFileType = sourcecode.c.objc; path = SAUser.m; sourceTree = "<group>"; };
		7D828BD3FF47E822127BA720 /* libPods-SportsApp.a */ = {isa = PBXFileReference; explicitFileType = archive.ar; includeInIndex = 0; path = "libPods-SportsApp.a"; sourceTree = BUILT_PRODUCTS_DIR; };
		8406A8D41EA6761500C60267 /* SportsApp.app */ = {isa = PBXFileReference; explicitFileType = wrapper.application; includeInIndex = 0; path = SportsApp.app; sourceTree = BUILT_PRODUCTS_DIR; };
		8406A8D81EA6761500C60267 /* main.m */ = {isa = PBXFileReference; lastKnownFileType = sourcecode.c.objc; path = main.m; sourceTree = "<group>"; };
		8406A8DA1EA6761500C60267 /* AppDelegate.h */ = {isa = PBXFileReference; lastKnownFileType = sourcecode.c.h; path = AppDelegate.h; sourceTree = "<group>"; };
		8406A8DB1EA6761500C60267 /* AppDelegate.m */ = {isa = PBXFileReference; lastKnownFileType = sourcecode.c.objc; path = AppDelegate.m; sourceTree = "<group>"; };
		8406A8DD1EA6761500C60267 /* SAViewController.h */ = {isa = PBXFileReference; lastKnownFileType = sourcecode.c.h; path = SAViewController.h; sourceTree = "<group>"; };
		8406A8DE1EA6761500C60267 /* SAViewController.m */ = {isa = PBXFileReference; lastKnownFileType = sourcecode.c.objc; path = SAViewController.m; sourceTree = "<group>"; };
		8406A8E11EA6761500C60267 /* Base */ = {isa = PBXFileReference; lastKnownFileType = file.storyboard; name = Base; path = Base.lproj/Main.storyboard; sourceTree = "<group>"; };
		8406A8E31EA6761500C60267 /* Assets.xcassets */ = {isa = PBXFileReference; lastKnownFileType = folder.assetcatalog; path = Assets.xcassets; sourceTree = "<group>"; };
		8406A8E61EA6761500C60267 /* Base */ = {isa = PBXFileReference; lastKnownFileType = file.storyboard; name = Base; path = Base.lproj/LaunchScreen.storyboard; sourceTree = "<group>"; };
		8406A8E81EA6761500C60267 /* Info.plist */ = {isa = PBXFileReference; lastKnownFileType = text.plist.xml; path = Info.plist; sourceTree = "<group>"; };
		8406A8EE1EA6763600C60267 /* SportsApp.entitlements */ = {isa = PBXFileReference; lastKnownFileType = text.plist.entitlements; path = SportsApp.entitlements; sourceTree = "<group>"; };
		8406A8F01EA6763900C60267 /* CloudKit.framework */ = {isa = PBXFileReference; lastKnownFileType = wrapper.framework; name = CloudKit.framework; path = System/Library/Frameworks/CloudKit.framework; sourceTree = SDKROOT; };
		842B42581EAF67EA0096BD37 /* SAEventDAO.m */ = {isa = PBXFileReference; fileEncoding = 4; lastKnownFileType = sourcecode.c.objc; path = SAEventDAO.m; sourceTree = "<group>"; };
		842B425A1EAF67F10096BD37 /* SAEventDAO.h */ = {isa = PBXFileReference; fileEncoding = 4; lastKnownFileType = sourcecode.c.h; path = SAEventDAO.h; sourceTree = "<group>"; };
		842B42611EAF7C400096BD37 /* SAEventConnector.h */ = {isa = PBXFileReference; fileEncoding = 4; lastKnownFileType = sourcecode.c.h; path = SAEventConnector.h; sourceTree = "<group>"; };
		842B42621EAF7C400096BD37 /* SAEventConnector.m */ = {isa = PBXFileReference; fileEncoding = 4; lastKnownFileType = sourcecode.c.objc; path = SAEventConnector.m; sourceTree = "<group>"; };
		847F5E331EA714180091BAE9 /* SAEvent.h */ = {isa = PBXFileReference; fileEncoding = 4; lastKnownFileType = sourcecode.c.h; path = SAEvent.h; sourceTree = "<group>"; };
		847F5E341EA714180091BAE9 /* SAEvent.m */ = {isa = PBXFileReference; fileEncoding = 4; lastKnownFileType = sourcecode.c.objc; path = SAEvent.m; sourceTree = "<group>"; };
		847F5E371EA715170091BAE9 /* SAPerson.h */ = {isa = PBXFileReference; fileEncoding = 4; lastKnownFileType = sourcecode.c.h; path = SAPerson.h; sourceTree = "<group>"; };
		847F5E381EA715170091BAE9 /* SAPerson.m */ = {isa = PBXFileReference; fileEncoding = 4; lastKnownFileType = sourcecode.c.objc; path = SAPerson.m; sourceTree = "<group>"; };
		849AC2121EB012B800A7BD22 /* SAActivityDAO.h */ = {isa = PBXFileReference; fileEncoding = 4; lastKnownFileType = sourcecode.c.h; path = SAActivityDAO.h; sourceTree = "<group>"; };
		849AC2131EB012B800A7BD22 /* SAActivityDAO.m */ = {isa = PBXFileReference; fileEncoding = 4; lastKnownFileType = sourcecode.c.objc; path = SAActivityDAO.m; sourceTree = "<group>"; };
		849AC2151EB012C600A7BD22 /* SAActivityConnector.h */ = {isa = PBXFileReference; fileEncoding = 4; lastKnownFileType = sourcecode.c.h; path = SAActivityConnector.h; sourceTree = "<group>"; };
		849AC2161EB012C600A7BD22 /* SAActivityConnector.m */ = {isa = PBXFileReference; fileEncoding = 4; lastKnownFileType = sourcecode.c.objc; path = SAActivityConnector.m; sourceTree = "<group>"; };
		84B17E021EC644BD009480DA /* SAAskTheUserToCustomizeProfileViewController.h */ = {isa = PBXFileReference; fileEncoding = 4; lastKnownFileType = sourcecode.c.h; path = SAAskTheUserToCustomizeProfileViewController.h; sourceTree = "<group>"; };
		84B17E031EC644BD009480DA /* SAAskTheUserToCustomizeProfileViewController.m */ = {isa = PBXFileReference; fileEncoding = 4; lastKnownFileType = sourcecode.c.objc; path = SAAskTheUserToCustomizeProfileViewController.m; sourceTree = "<group>"; };
		84CBE4671EB152EA00ACD0DF /* SAPersonConnector.h */ = {isa = PBXFileReference; fileEncoding = 4; lastKnownFileType = sourcecode.c.h; path = SAPersonConnector.h; sourceTree = "<group>"; };
		84CBE4681EB152EA00ACD0DF /* SAPersonConnector.m */ = {isa = PBXFileReference; fileEncoding = 4; lastKnownFileType = sourcecode.c.objc; path = SAPersonConnector.m; sourceTree = "<group>"; };
		84CBE46D1EB230E300ACD0DF /* SAEventListViewController.h */ = {isa = PBXFileReference; fileEncoding = 4; lastKnownFileType = sourcecode.c.h; path = SAEventListViewController.h; sourceTree = "<group>"; };
		84CBE46E1EB230E300ACD0DF /* SAEventListViewController.m */ = {isa = PBXFileReference; fileEncoding = 4; lastKnownFileType = sourcecode.c.objc; path = SAEventListViewController.m; sourceTree = "<group>"; };
		84CBE4701EB238DB00ACD0DF /* SAEventsTableViewCell.h */ = {isa = PBXFileReference; fileEncoding = 4; lastKnownFileType = sourcecode.c.h; path = SAEventsTableViewCell.h; sourceTree = "<group>"; };
		84CBE4711EB238DB00ACD0DF /* SAEventsTableViewCell.m */ = {isa = PBXFileReference; fileEncoding = 4; lastKnownFileType = sourcecode.c.objc; path = SAEventsTableViewCell.m; sourceTree = "<group>"; };
		84CBE4731EBA38C100ACD0DF /* ClosedEventDescriptionViewController.h */ = {isa = PBXFileReference; fileEncoding = 4; lastKnownFileType = sourcecode.c.h; path = ClosedEventDescriptionViewController.h; sourceTree = "<group>"; };
		84CBE4741EBA38C100ACD0DF /* ClosedEventDescriptionViewController.m */ = {isa = PBXFileReference; fileEncoding = 4; lastKnownFileType = sourcecode.c.objc; path = ClosedEventDescriptionViewController.m; sourceTree = "<group>"; };
		84CBE4761EBA57BF00ACD0DF /* SAClosedEventDescriptionTableViewCell.h */ = {isa = PBXFileReference; fileEncoding = 4; lastKnownFileType = sourcecode.c.h; path = SAClosedEventDescriptionTableViewCell.h; sourceTree = "<group>"; };
		84CBE4771EBA57BF00ACD0DF /* SAClosedEventDescriptionTableViewCell.m */ = {isa = PBXFileReference; fileEncoding = 4; lastKnownFileType = sourcecode.c.objc; path = SAClosedEventDescriptionTableViewCell.m; sourceTree = "<group>"; };
		84CBE4791EBA83CB00ACD0DF /* StoryboardDaBarbara.storyboard */ = {isa = PBXFileReference; fileEncoding = 4; lastKnownFileType = file.storyboard; path = StoryboardDaBarbara.storyboard; sourceTree = "<group>"; };
		84D4C2C81EBFACBC00291DDE /* CoreLocation.framework */ = {isa = PBXFileReference; lastKnownFileType = wrapper.framework; name = CoreLocation.framework; path = System/Library/Frameworks/CoreLocation.framework; sourceTree = SDKROOT; };
		84D4C2CA1EC1686A00291DDE /* SAGenderSelectionViewController.h */ = {isa = PBXFileReference; fileEncoding = 4; lastKnownFileType = sourcecode.c.h; path = SAGenderSelectionViewController.h; sourceTree = "<group>"; };
		84D4C2CB1EC1686A00291DDE /* SAGenderSelectionViewController.m */ = {isa = PBXFileReference; fileEncoding = 4; lastKnownFileType = sourcecode.c.objc; path = SAGenderSelectionViewController.m; sourceTree = "<group>"; };
		84DC117B1EACF32100A9A90C /* SAActivity.h */ = {isa = PBXFileReference; fileEncoding = 4; lastKnownFileType = sourcecode.c.h; path = SAActivity.h; sourceTree = "<group>"; };
		84DC117C1EACF32100A9A90C /* SAActivity.m */ = {isa = PBXFileReference; fileEncoding = 4; lastKnownFileType = sourcecode.c.objc; path = SAActivity.m; sourceTree = "<group>"; };
		84DC117E1EACF3D200A9A90C /* SAMatchMakerCore.h */ = {isa = PBXFileReference; fileEncoding = 4; lastKnownFileType = sourcecode.c.h; path = SAMatchMakerCore.h; sourceTree = "<group>"; };
		84DC117F1EACF3D200A9A90C /* SAMatchMakerCore.m */ = {isa = PBXFileReference; fileEncoding = 4; lastKnownFileType = sourcecode.c.objc; path = SAMatchMakerCore.m; sourceTree = "<group>"; };
		84DC11821EAD00BD00A9A90C /* SAPersonDAO.h */ = {isa = PBXFileReference; fileEncoding = 4; lastKnownFileType = sourcecode.c.h; path = SAPersonDAO.h; sourceTree = "<group>"; };
		84DC11831EAD00BD00A9A90C /* SAPersonDAO.m */ = {isa = PBXFileReference; fileEncoding = 4; lastKnownFileType = sourcecode.c.objc; path = SAPersonDAO.m; sourceTree = "<group>"; };
		8D1891931EB8FE1A008B050C /* SAEventDescriptionViewController.h */ = {isa = PBXFileReference; fileEncoding = 4; lastKnownFileType = sourcecode.c.h; path = SAEventDescriptionViewController.h; sourceTree = "<group>"; };
		8D1891941EB8FE1A008B050C /* SAEventDescriptionViewController.m */ = {isa = PBXFileReference; fileEncoding = 4; lastKnownFileType = sourcecode.c.objc; path = SAEventDescriptionViewController.m; sourceTree = "<group>"; };
		8D48248F1EB2353400D2FE5B /* SANewsFeedTableViewCell.h */ = {isa = PBXFileReference; fileEncoding = 4; lastKnownFileType = sourcecode.c.h; path = SANewsFeedTableViewCell.h; sourceTree = "<group>"; };
		8D4824901EB2353400D2FE5B /* SANewsFeedTableViewCell.m */ = {isa = PBXFileReference; fileEncoding = 4; lastKnownFileType = sourcecode.c.objc; path = SANewsFeedTableViewCell.m; sourceTree = "<group>"; };
		8D7A63B81EAA5A9000418D39 /* SAProfileViewController.h */ = {isa = PBXFileReference; fileEncoding = 4; lastKnownFileType = sourcecode.c.h; path = SAProfileViewController.h; sourceTree = "<group>"; };
		8D7A63B91EAA5A9000418D39 /* SAProfileViewController.m */ = {isa = PBXFileReference; fileEncoding = 4; lastKnownFileType = sourcecode.c.objc; path = SAProfileViewController.m; sourceTree = "<group>"; };
		8D8693461EC09D4E0007D716 /* SAInterestsNavigationController.h */ = {isa = PBXFileReference; fileEncoding = 4; lastKnownFileType = sourcecode.c.h; path = SAInterestsNavigationController.h; sourceTree = "<group>"; };
		8D8693471EC09D4E0007D716 /* SAInterestsNavigationController.m */ = {isa = PBXFileReference; fileEncoding = 4; lastKnownFileType = sourcecode.c.objc; path = SAInterestsNavigationController.m; sourceTree = "<group>"; };
		8D9A36631EB3BBDE00036272 /* SACustomCell.xib */ = {isa = PBXFileReference; fileEncoding = 4; lastKnownFileType = file.xib; path = SACustomCell.xib; sourceTree = "<group>"; };
		8D9A366E1EB4E1F600036272 /* SASectionView2.h */ = {isa = PBXFileReference; fileEncoding = 4; lastKnownFileType = sourcecode.c.h; path = SASectionView2.h; sourceTree = "<group>"; };
		8D9A366F1EB4E1F600036272 /* SASectionView2.m */ = {isa = PBXFileReference; fileEncoding = 4; lastKnownFileType = sourcecode.c.objc; path = SASectionView2.m; sourceTree = "<group>"; };
		8D9A36751EB4E47900036272 /* SASectionView2.xib */ = {isa = PBXFileReference; fileEncoding = 4; lastKnownFileType = file.xib; path = SASectionView2.xib; sourceTree = "<group>"; };
		8DD37CDF1EBBEEEC00E1CC1D /* SAAskPhoneViewController.h */ = {isa = PBXFileReference; fileEncoding = 4; lastKnownFileType = sourcecode.c.h; path = SAAskPhoneViewController.h; sourceTree = "<group>"; };
		8DD37CE01EBBEEEC00E1CC1D /* SAAskPhoneViewController.m */ = {isa = PBXFileReference; fileEncoding = 4; lastKnownFileType = sourcecode.c.objc; path = SAAskPhoneViewController.m; sourceTree = "<group>"; };
		8DF8642C1EB2267D00777E98 /* SALogInViewController.h */ = {isa = PBXFileReference; fileEncoding = 4; lastKnownFileType = sourcecode.c.h; path = SALogInViewController.h; sourceTree = "<group>"; };
		8DF8642D1EB2267D00777E98 /* SALogInViewController.m */ = {isa = PBXFileReference; fileEncoding = 4; lastKnownFileType = sourcecode.c.objc; path = SALogInViewController.m; sourceTree = "<group>"; };
		8DF864321EB22EE400777E98 /* SANewsFeedTableViewController.h */ = {isa = PBXFileReference; fileEncoding = 4; lastKnownFileType = sourcecode.c.h; path = SANewsFeedTableViewController.h; sourceTree = "<group>"; };
		8DF864331EB22EE400777E98 /* SANewsFeedTableViewController.m */ = {isa = PBXFileReference; fileEncoding = 4; lastKnownFileType = sourcecode.c.objc; path = SANewsFeedTableViewController.m; sourceTree = "<group>"; };
		AE1602861EB3B81F00E8E68F /* SACollectionButtonViewCell.h */ = {isa = PBXFileReference; fileEncoding = 4; lastKnownFileType = sourcecode.c.h; path = SACollectionButtonViewCell.h; sourceTree = "<group>"; };
		AE1602871EB3B81F00E8E68F /* SACollectionButtonViewCell.m */ = {isa = PBXFileReference; fileEncoding = 4; lastKnownFileType = sourcecode.c.objc; path = SACollectionButtonViewCell.m; sourceTree = "<group>"; };
		AE1602881EB3B81F00E8E68F /* SACollectionButtonViewCell.xib */ = {isa = PBXFileReference; fileEncoding = 4; lastKnownFileType = file.xib; path = SACollectionButtonViewCell.xib; sourceTree = "<group>"; };
		AE1602911EB8025B00E8E68F /* SAIntro1ViewController.h */ = {isa = PBXFileReference; fileEncoding = 4; lastKnownFileType = sourcecode.c.h; path = SAIntro1ViewController.h; sourceTree = "<group>"; };
		AE1602921EB8025B00E8E68F /* SAIntro1ViewController.m */ = {isa = PBXFileReference; fileEncoding = 4; lastKnownFileType = sourcecode.c.objc; path = SAIntro1ViewController.m; sourceTree = "<group>"; };
		AE1602941EB95FC800E8E68F /* SANewViewController.h */ = {isa = PBXFileReference; fileEncoding = 4; lastKnownFileType = sourcecode.c.h; path = SANewViewController.h; sourceTree = "<group>"; };
		AE1602951EB95FC800E8E68F /* SANewViewController.m */ = {isa = PBXFileReference; fileEncoding = 4; lastKnownFileType = sourcecode.c.objc; path = SANewViewController.m; sourceTree = "<group>"; };
		AE1877D71EB38E8300CAFD1A /* SAInterestsCollectionViewController.h */ = {isa = PBXFileReference; fileEncoding = 4; lastKnownFileType = sourcecode.c.h; path = SAInterestsCollectionViewController.h; sourceTree = "<group>"; };
		AE1877D81EB38E8300CAFD1A /* SAInterestsCollectionViewController.m */ = {isa = PBXFileReference; fileEncoding = 4; lastKnownFileType = sourcecode.c.objc; path = SAInterestsCollectionViewController.m; sourceTree = "<group>"; };
		AE66FF2D1EB10EA2008EBC5E /* Base */ = {isa = PBXFileReference; lastKnownFileType = file.storyboard; name = Base; path = Base.lproj/Secondary.storyboard; sourceTree = "<group>"; };
		AE66FF2F1EB10EFA008EBC5E /* SAFirstProfileViewController.h */ = {isa = PBXFileReference; fileEncoding = 4; lastKnownFileType = sourcecode.c.h; path = SAFirstProfileViewController.h; sourceTree = "<group>"; };
		AE66FF301EB10EFA008EBC5E /* SAFirstProfileViewController.m */ = {isa = PBXFileReference; fileEncoding = 4; lastKnownFileType = sourcecode.c.objc; path = SAFirstProfileViewController.m; sourceTree = "<group>"; };
		AE66FF311EB10EFA008EBC5E /* SAForgotPasswordViewController.h */ = {isa = PBXFileReference; fileEncoding = 4; lastKnownFileType = sourcecode.c.h; path = SAForgotPasswordViewController.h; sourceTree = "<group>"; };
		AE66FF321EB10EFA008EBC5E /* SAForgotPasswordViewController.m */ = {isa = PBXFileReference; fileEncoding = 4; lastKnownFileType = sourcecode.c.objc; path = SAForgotPasswordViewController.m; sourceTree = "<group>"; };
		AE66FF331EB10EFA008EBC5E /* SAJoinLoginViewController.h */ = {isa = PBXFileReference; fileEncoding = 4; lastKnownFileType = sourcecode.c.h; path = SAJoinLoginViewController.h; sourceTree = "<group>"; };
		AE66FF341EB10EFA008EBC5E /* SAJoinLoginViewController.m */ = {isa = PBXFileReference; fileEncoding = 4; lastKnownFileType = sourcecode.c.objc; path = SAJoinLoginViewController.m; sourceTree = "<group>"; };
		AE66FF351EB10EFA008EBC5E /* SASecondaryViewController.h */ = {isa = PBXFileReference; fileEncoding = 4; lastKnownFileType = sourcecode.c.h; path = SASecondaryViewController.h; sourceTree = "<group>"; };
		AE66FF361EB10EFA008EBC5E /* SASecondaryViewController.m */ = {isa = PBXFileReference; fileEncoding = 4; lastKnownFileType = sourcecode.c.objc; path = SASecondaryViewController.m; sourceTree = "<group>"; };
		ECB8D9221E12E0DF893859DE /* Pods-SportsApp.debug.xcconfig */ = {isa = PBXFileReference; includeInIndex = 1; lastKnownFileType = text.xcconfig; name = "Pods-SportsApp.debug.xcconfig"; path = "Pods/Target Support Files/Pods-SportsApp/Pods-SportsApp.debug.xcconfig"; sourceTree = "<group>"; };
/* End PBXFileReference section */

/* Begin PBXFrameworksBuildPhase section */
		8406A8D11EA6761500C60267 /* Frameworks */ = {
			isa = PBXFrameworksBuildPhase;
			buildActionMask = 2147483647;
			files = (
				84D4C2C91EBFACBC00291DDE /* CoreLocation.framework in Frameworks */,
				8406A8F11EA6763900C60267 /* CloudKit.framework in Frameworks */,
				D02D36DC3B0EA2B7089928CB /* libPods-SportsApp.a in Frameworks */,
			);
			runOnlyForDeploymentPostprocessing = 0;
		};
/* End PBXFrameworksBuildPhase section */

/* Begin PBXGroup section */
		29763C0D1EB9932F00DFEE7A /* View */ = {
			isa = PBXGroup;
			children = (
				29E2480A1EB8C07000088B98 /* SAFriendTableViewCell.h */,
				29E2480B1EB8C07000088B98 /* SAFriendTableViewCell.m */,
				29763C0A1EB9723200DFEE7A /* SAFriendCollectionViewCell.h */,
				29763C0B1EB9723200DFEE7A /* SAFriendCollectionViewCell.m */,
				29E2480E1EB8C67F00088B98 /* SALocationTableViewCell.h */,
				29E2480F1EB8C67F00088B98 /* SALocationTableViewCell.m */,
				29763C0E1EB993D200DFEE7A /* SAShiftCollectionViewCell.h */,
				29763C0F1EB993D200DFEE7A /* SAShiftCollectionViewCell.m */,
				29763C141EBBC78600DFEE7A /* SANewEventButton.h */,
				29763C151EBBC78600DFEE7A /* SANewEventButton.m */,
			);
			name = View;
			sourceTree = "<group>";
		};
		29A4CA561EB2303100DCA3FA /* NewEvent */ = {
			isa = PBXGroup;
			children = (
				29763C0D1EB9932F00DFEE7A /* View */,
				29D5F6FF1EC4CDAD005A3B1F /* Controller */,
			);
			name = NewEvent;
			sourceTree = "<group>";
		};
		29D5F6FF1EC4CDAD005A3B1F /* Controller */ = {
			isa = PBXGroup;
			children = (
				29A4CA4A1EB22F7A00DCA3FA /* SANewEvent1ViewController.h */,
				29A4CA4B1EB22F7A00DCA3FA /* SANewEvent1ViewController.m */,
				29A4CA4D1EB22F8D00DCA3FA /* SANewEvent2ViewController.h */,
				29A4CA4E1EB22F8D00DCA3FA /* SANewEvent2ViewController.m */,
				29A4CA501EB22F9C00DCA3FA /* SANewEvent3ViewController.h */,
				29A4CA511EB22F9C00DCA3FA /* SANewEvent3ViewController.m */,
				29A4CA531EB22FA800DCA3FA /* SANewEvent4ViewController.h */,
				29A4CA541EB22FA800DCA3FA /* SANewEvent4ViewController.m */,
				29E248111EB8CECD00088B98 /* SANewEvent5ViewController.h */,
				29E248121EB8CECD00088B98 /* SANewEvent5ViewController.m */,
				29763C071EB9709500DFEE7A /* SANewEvent6ViewController.h */,
				29763C081EB9709500DFEE7A /* SANewEvent6ViewController.m */,
			);
			name = Controller;
			sourceTree = "<group>";
		};
		29D5F7001EC4CE1C005A3B1F /* EventList */ = {
			isa = PBXGroup;
			children = (
				84CBE46D1EB230E300ACD0DF /* SAEventListViewController.h */,
				84CBE46E1EB230E300ACD0DF /* SAEventListViewController.m */,
				84CBE4701EB238DB00ACD0DF /* SAEventsTableViewCell.h */,
				84CBE4711EB238DB00ACD0DF /* SAEventsTableViewCell.m */,
			);
			name = EventList;
			sourceTree = "<group>";
		};
		29D5F7011EC4CECC005A3B1F /* Events */ = {
			isa = PBXGroup;
			children = (
				8D1891931EB8FE1A008B050C /* SAEventDescriptionViewController.h */,
				8D1891941EB8FE1A008B050C /* SAEventDescriptionViewController.m */,
				84CBE4731EBA38C100ACD0DF /* ClosedEventDescriptionViewController.h */,
				84CBE4741EBA38C100ACD0DF /* ClosedEventDescriptionViewController.m */,
				84CBE4761EBA57BF00ACD0DF /* SAClosedEventDescriptionTableViewCell.h */,
				84CBE4771EBA57BF00ACD0DF /* SAClosedEventDescriptionTableViewCell.m */,
			);
			name = Events;
			sourceTree = "<group>";
		};
		29D5F7021EC4D040005A3B1F /* SignUp */ = {
			isa = PBXGroup;
			children = (
				AE1877D71EB38E8300CAFD1A /* SAInterestsCollectionViewController.h */,
				AE1877D81EB38E8300CAFD1A /* SAInterestsCollectionViewController.m */,
				AE66FF2F1EB10EFA008EBC5E /* SAFirstProfileViewController.h */,
				AE66FF301EB10EFA008EBC5E /* SAFirstProfileViewController.m */,
				8DD37CDF1EBBEEEC00E1CC1D /* SAAskPhoneViewController.h */,
				8DD37CE01EBBEEEC00E1CC1D /* SAAskPhoneViewController.m */,
				84D4C2CA1EC1686A00291DDE /* SAGenderSelectionViewController.h */,
				84D4C2CB1EC1686A00291DDE /* SAGenderSelectionViewController.m */,
				8406A8DD1EA6761500C60267 /* SAViewController.h */,
				8406A8DE1EA6761500C60267 /* SAViewController.m */,
			);
			name = SignUp;
			sourceTree = "<group>";
		};
		29D5F7031EC4D35E005A3B1F /* Profile */ = {
			isa = PBXGroup;
			children = (
				8D7A63B81EAA5A9000418D39 /* SAProfileViewController.h */,
				8D7A63B91EAA5A9000418D39 /* SAProfileViewController.m */,
			);
			name = Profile;
			sourceTree = "<group>";
		};
		29D5F7041EC4D45B005A3B1F /* Feed */ = {
			isa = PBXGroup;
			children = (
				8D9A36751EB4E47900036272 /* SASectionView2.xib */,
				8D9A366E1EB4E1F600036272 /* SASectionView2.h */,
				8D9A366F1EB4E1F600036272 /* SASectionView2.m */,
				8D9A36631EB3BBDE00036272 /* SACustomCell.xib */,
				8DF864321EB22EE400777E98 /* SANewsFeedTableViewController.h */,
				8DF864331EB22EE400777E98 /* SANewsFeedTableViewController.m */,
				8D48248F1EB2353400D2FE5B /* SANewsFeedTableViewCell.h */,
				8D4824901EB2353400D2FE5B /* SANewsFeedTableViewCell.m */,
			);
			name = Feed;
			sourceTree = "<group>";
		};
		29D5F7051EC4D5C3005A3B1F /* Login */ = {
			isa = PBXGroup;
			children = (
				8DF8642C1EB2267D00777E98 /* SALogInViewController.h */,
				8DF8642D1EB2267D00777E98 /* SALogInViewController.m */,
				AE66FF311EB10EFA008EBC5E /* SAForgotPasswordViewController.h */,
				AE66FF321EB10EFA008EBC5E /* SAForgotPasswordViewController.m */,
				AE66FF331EB10EFA008EBC5E /* SAJoinLoginViewController.h */,
				AE66FF341EB10EFA008EBC5E /* SAJoinLoginViewController.m */,
				84B17E021EC644BD009480DA /* SAAskTheUserToCustomizeProfileViewController.h */,
				84B17E031EC644BD009480DA /* SAAskTheUserToCustomizeProfileViewController.m */,
			);
			name = Login;
			sourceTree = "<group>";
		};
		29E2480D1EB8C08100088B98 /* CollectionButton */ = {
			isa = PBXGroup;
			children = (
				AE1602861EB3B81F00E8E68F /* SACollectionButtonViewCell.h */,
				AE1602871EB3B81F00E8E68F /* SACollectionButtonViewCell.m */,
				AE1602881EB3B81F00E8E68F /* SACollectionButtonViewCell.xib */,
			);
			name = CollectionButton;
			sourceTree = "<group>";
		};
		8406A8CB1EA6761500C60267 = {
			isa = PBXGroup;
			children = (
				8406A8D61EA6761500C60267 /* SportsApp */,
				8406A8D51EA6761500C60267 /* Products */,
				8406A8EF1EA6763900C60267 /* Frameworks */,
				8941D79761B5581575F984D4 /* Pods */,
			);
			sourceTree = "<group>";
		};
		8406A8D51EA6761500C60267 /* Products */ = {
			isa = PBXGroup;
			children = (
				8406A8D41EA6761500C60267 /* SportsApp.app */,
			);
			name = Products;
			sourceTree = "<group>";
		};
		8406A8D61EA6761500C60267 /* SportsApp */ = {
			isa = PBXGroup;
			children = (
				8406A8EE1EA6763600C60267 /* SportsApp.entitlements */,
				847F5E361EA714F70091BAE9 /* Entities */,
				847F5E3B1EA715730091BAE9 /* Views */,
				847F5E3A1EA715530091BAE9 /* Screens */,
				8406A8DA1EA6761500C60267 /* AppDelegate.h */,
				8406A8DB1EA6761500C60267 /* AppDelegate.m */,
				8406A8E31EA6761500C60267 /* Assets.xcassets */,
				8406A8E51EA6761500C60267 /* LaunchScreen.storyboard */,
				8406A8E81EA6761500C60267 /* Info.plist */,
				84DC11811EACF3DD00A9A90C /* WebService */,
				849AC2181EB012D900A7BD22 /* Connectors */,
				8406A8D71EA6761500C60267 /* Supporting Files */,
			);
			path = SportsApp;
			sourceTree = "<group>";
		};
		8406A8D71EA6761500C60267 /* Supporting Files */ = {
			isa = PBXGroup;
			children = (
				8406A8D81EA6761500C60267 /* main.m */,
			);
			name = "Supporting Files";
			sourceTree = "<group>";
		};
		8406A8EF1EA6763900C60267 /* Frameworks */ = {
			isa = PBXGroup;
			children = (
				84D4C2C81EBFACBC00291DDE /* CoreLocation.framework */,
				8406A8F01EA6763900C60267 /* CloudKit.framework */,
				7D828BD3FF47E822127BA720 /* libPods-SportsApp.a */,
			);
			name = Frameworks;
			sourceTree = "<group>";
		};
		847F5E361EA714F70091BAE9 /* Entities */ = {
			isa = PBXGroup;
			children = (
				847F5E331EA714180091BAE9 /* SAEvent.h */,
				847F5E341EA714180091BAE9 /* SAEvent.m */,
				847F5E371EA715170091BAE9 /* SAPerson.h */,
				847F5E381EA715170091BAE9 /* SAPerson.m */,
				29028B7B1EA7EE5F00367FE4 /* SAMatchmaker.h */,
				29028B7C1EA7EE5F00367FE4 /* SAMatchmaker.m */,
				29028B7E1EA7EEB600367FE4 /* SAParty.h */,
				29028B7F1EA7EEB600367FE4 /* SAParty.m */,
				29FF42511EABD8F700304B26 /* SAUser.h */,
				29FF42521EABD8F700304B26 /* SAUser.m */,
				84DC117B1EACF32100A9A90C /* SAActivity.h */,
				84DC117C1EACF32100A9A90C /* SAActivity.m */,
			);
			name = Entities;
			sourceTree = "<group>";
		};
		847F5E3A1EA715530091BAE9 /* Screens */ = {
			isa = PBXGroup;
			children = (
				29D5F7041EC4D45B005A3B1F /* Feed */,
				29D5F7001EC4CE1C005A3B1F /* EventList */,
				29D5F7031EC4D35E005A3B1F /* Profile */,
				29D5F7011EC4CECC005A3B1F /* Events */,
				29A4CA561EB2303100DCA3FA /* NewEvent */,
				AE16028D1EB7FEEF00E8E68F /* Intro */,
				29D5F7021EC4D040005A3B1F /* SignUp */,
				29D5F7051EC4D5C3005A3B1F /* Login */,
				29D5F7091EC4D799005A3B1F /* SAInterestsCollectionReusableView.h */,
				29D5F70A1EC4D799005A3B1F /* SAInterestsCollectionReusableView.m */,
				29D5F7061EC4D78D005A3B1F /* SAEventViewController.h */,
				29D5F7071EC4D78D005A3B1F /* SAEventViewController.m */,
				AE66FF351EB10EFA008EBC5E /* SASecondaryViewController.h */,
				AE66FF361EB10EFA008EBC5E /* SASecondaryViewController.m */,
				8D8693461EC09D4E0007D716 /* SAInterestsNavigationController.h */,
				8D8693471EC09D4E0007D716 /* SAInterestsNavigationController.m */,
			);
			name = Screens;
			sourceTree = "<group>";
		};
		847F5E3B1EA715730091BAE9 /* Views */ = {
			isa = PBXGroup;
			children = (
				AE66FF2C1EB10EA2008EBC5E /* Secondary.storyboard */,
				8406A8E01EA6761500C60267 /* Main.storyboard */,
				29A4CA481EB20D2500DCA3FA /* NewEvent.storyboard */,
				84CBE4791EBA83CB00ACD0DF /* StoryboardDaBarbara.storyboard */,
				29E2480D1EB8C08100088B98 /* CollectionButton */,
			);
			name = Views;
			sourceTree = "<group>";
		};
		849AC2181EB012D900A7BD22 /* Connectors */ = {
			isa = PBXGroup;
			children = (
				849AC2151EB012C600A7BD22 /* SAActivityConnector.h */,
				849AC2161EB012C600A7BD22 /* SAActivityConnector.m */,
				842B42611EAF7C400096BD37 /* SAEventConnector.h */,
				842B42621EAF7C400096BD37 /* SAEventConnector.m */,
				84CBE4671EB152EA00ACD0DF /* SAPersonConnector.h */,
				84CBE4681EB152EA00ACD0DF /* SAPersonConnector.m */,
			);
			name = Connectors;
			sourceTree = "<group>";
		};
		84DC11811EACF3DD00A9A90C /* WebService */ = {
			isa = PBXGroup;
			children = (
				842B425A1EAF67F10096BD37 /* SAEventDAO.h */,
				842B42581EAF67EA0096BD37 /* SAEventDAO.m */,
				84DC117E1EACF3D200A9A90C /* SAMatchMakerCore.h */,
				84DC117F1EACF3D200A9A90C /* SAMatchMakerCore.m */,
				84DC11821EAD00BD00A9A90C /* SAPersonDAO.h */,
				84DC11831EAD00BD00A9A90C /* SAPersonDAO.m */,
				849AC2121EB012B800A7BD22 /* SAActivityDAO.h */,
				849AC2131EB012B800A7BD22 /* SAActivityDAO.m */,
			);
			name = WebService;
			sourceTree = "<group>";
		};
		8941D79761B5581575F984D4 /* Pods */ = {
			isa = PBXGroup;
			children = (
				ECB8D9221E12E0DF893859DE /* Pods-SportsApp.debug.xcconfig */,
				1181F65BA0715271D7E885B4 /* Pods-SportsApp.release.xcconfig */,
			);
			name = Pods;
			sourceTree = "<group>";
		};
		AE16028D1EB7FEEF00E8E68F /* Intro */ = {
			isa = PBXGroup;
			children = (
				AE1602911EB8025B00E8E68F /* SAIntro1ViewController.h */,
				AE1602921EB8025B00E8E68F /* SAIntro1ViewController.m */,
				AE1602941EB95FC800E8E68F /* SANewViewController.h */,
				AE1602951EB95FC800E8E68F /* SANewViewController.m */,
			);
			name = Intro;
			sourceTree = "<group>";
		};
/* End PBXGroup section */

/* Begin PBXNativeTarget section */
		8406A8D31EA6761500C60267 /* SportsApp */ = {
			isa = PBXNativeTarget;
			buildConfigurationList = 8406A8EB1EA6761500C60267 /* Build configuration list for PBXNativeTarget "SportsApp" */;
			buildPhases = (
				3B658BE121CFD612E6CA3BBB /* [CP] Check Pods Manifest.lock */,
				8406A8D01EA6761500C60267 /* Sources */,
				8406A8D11EA6761500C60267 /* Frameworks */,
				8406A8D21EA6761500C60267 /* Resources */,
				E17D930AA6E5F606C956BF78 /* [CP] Embed Pods Frameworks */,
				7D88B75D23AADB94AE2FA4CD /* [CP] Copy Pods Resources */,
			);
			buildRules = (
			);
			dependencies = (
			);
			name = SportsApp;
			productName = SportsApp;
			productReference = 8406A8D41EA6761500C60267 /* SportsApp.app */;
			productType = "com.apple.product-type.application";
		};
/* End PBXNativeTarget section */

/* Begin PBXProject section */
		8406A8CC1EA6761500C60267 /* Project object */ = {
			isa = PBXProject;
			attributes = {
				KnownAssetTags = (
					123,
				);
				LastUpgradeCheck = 0830;
				ORGANIZATIONNAME = "Bruno Scheltzke";
				TargetAttributes = {
					8406A8D31EA6761500C60267 = {
						CreatedOnToolsVersion = 8.3.1;
						DevelopmentTeam = M3PUPH2NBH;
						ProvisioningStyle = Manual;
						SystemCapabilities = {
							com.apple.Push = {
								enabled = 1;
							};
							com.apple.iCloud = {
								enabled = 1;
							};
						};
					};
				};
			};
			buildConfigurationList = 8406A8CF1EA6761500C60267 /* Build configuration list for PBXProject "SportsApp" */;
			compatibilityVersion = "Xcode 3.2";
			developmentRegion = English;
			hasScannedForEncodings = 0;
			knownRegions = (
				en,
				Base,
			);
			mainGroup = 8406A8CB1EA6761500C60267;
			productRefGroup = 8406A8D51EA6761500C60267 /* Products */;
			projectDirPath = "";
			projectRoot = "";
			targets = (
				8406A8D31EA6761500C60267 /* SportsApp */,
			);
		};
/* End PBXProject section */

/* Begin PBXResourcesBuildPhase section */
		8406A8D21EA6761500C60267 /* Resources */ = {
			isa = PBXResourcesBuildPhase;
			buildActionMask = 2147483647;
			files = (
				84CBE47A1EBA83CB00ACD0DF /* StoryboardDaBarbara.storyboard in Resources */,
				8D9A36641EB3BBDE00036272 /* SACustomCell.xib in Resources */,
				8D9A36761EB4E47900036272 /* SASectionView2.xib in Resources */,
				AE16028A1EB3B81F00E8E68F /* SACollectionButtonViewCell.xib in Resources */,
				8406A8E71EA6761500C60267 /* LaunchScreen.storyboard in Resources */,
				8406A8E41EA6761500C60267 /* Assets.xcassets in Resources */,
				8406A8E21EA6761500C60267 /* Main.storyboard in Resources */,
				29A4CA491EB20D2500DCA3FA /* NewEvent.storyboard in Resources */,
				AE66FF2E1EB10EA2008EBC5E /* Secondary.storyboard in Resources */,
			);
			runOnlyForDeploymentPostprocessing = 0;
		};
/* End PBXResourcesBuildPhase section */

/* Begin PBXShellScriptBuildPhase section */
		3B658BE121CFD612E6CA3BBB /* [CP] Check Pods Manifest.lock */ = {
			isa = PBXShellScriptBuildPhase;
			buildActionMask = 2147483647;
			files = (
			);
			inputPaths = (
			);
			name = "[CP] Check Pods Manifest.lock";
			outputPaths = (
			);
			runOnlyForDeploymentPostprocessing = 0;
			shellPath = /bin/sh;
			shellScript = "diff \"${PODS_PODFILE_DIR_PATH}/Podfile.lock\" \"${PODS_ROOT}/Manifest.lock\" > /dev/null\nif [ $? != 0 ] ; then\n    # print error to STDERR\n    echo \"error: The sandbox is not in sync with the Podfile.lock. Run 'pod install' or update your CocoaPods installation.\" >&2\n    exit 1\nfi\n";
			showEnvVarsInLog = 0;
		};
		7D88B75D23AADB94AE2FA4CD /* [CP] Copy Pods Resources */ = {
			isa = PBXShellScriptBuildPhase;
			buildActionMask = 2147483647;
			files = (
			);
			inputPaths = (
			);
			name = "[CP] Copy Pods Resources";
			outputPaths = (
			);
			runOnlyForDeploymentPostprocessing = 0;
			shellPath = /bin/sh;
			shellScript = "\"${SRCROOT}/Pods/Target Support Files/Pods-SportsApp/Pods-SportsApp-resources.sh\"\n";
			showEnvVarsInLog = 0;
		};
		E17D930AA6E5F606C956BF78 /* [CP] Embed Pods Frameworks */ = {
			isa = PBXShellScriptBuildPhase;
			buildActionMask = 2147483647;
			files = (
			);
			inputPaths = (
			);
			name = "[CP] Embed Pods Frameworks";
			outputPaths = (
			);
			runOnlyForDeploymentPostprocessing = 0;
			shellPath = /bin/sh;
			shellScript = "\"${SRCROOT}/Pods/Target Support Files/Pods-SportsApp/Pods-SportsApp-frameworks.sh\"\n";
			showEnvVarsInLog = 0;
		};
/* End PBXShellScriptBuildPhase section */

/* Begin PBXSourcesBuildPhase section */
		8406A8D01EA6761500C60267 /* Sources */ = {
			isa = PBXSourcesBuildPhase;
			buildActionMask = 2147483647;
			files = (
				29028B801EA7EEB600367FE4 /* SAParty.m in Sources */,
				29028B7D1EA7EE5F00367FE4 /* SAMatchmaker.m in Sources */,
				AE1877D91EB38E8300CAFD1A /* SAInterestsCollectionViewController.m in Sources */,
				29763C091EB9709500DFEE7A /* SANewEvent6ViewController.m in Sources */,
				847F5E351EA714180091BAE9 /* SAEvent.m in Sources */,
				84CBE46F1EB230E300ACD0DF /* SAEventListViewController.m in Sources */,
				AE66FF391EB10EFA008EBC5E /* SAJoinLoginViewController.m in Sources */,
				29A4CA4C1EB22F7A00DCA3FA /* SANewEvent1ViewController.m in Sources */,
				849AC2141EB012B800A7BD22 /* SAActivityDAO.m in Sources */,
				8406A8DF1EA6761500C60267 /* SAViewController.m in Sources */,
				29FF42531EABD8F700304B26 /* SAUser.m in Sources */,
				8D7A63BA1EAA5A9000418D39 /* SAProfileViewController.m in Sources */,
				29E248101EB8C67F00088B98 /* SALocationTableViewCell.m in Sources */,
				84CBE4691EB152EA00ACD0DF /* SAPersonConnector.m in Sources */,
				AE1602931EB8025B00E8E68F /* SAIntro1ViewController.m in Sources */,
				847F5E391EA715170091BAE9 /* SAPerson.m in Sources */,
				8D1891951EB8FE1A008B050C /* SAEventDescriptionViewController.m in Sources */,
				849AC2171EB012C600A7BD22 /* SAActivityConnector.m in Sources */,
				29E2480C1EB8C07000088B98 /* SAFriendTableViewCell.m in Sources */,
				29D5F70B1EC4D799005A3B1F /* SAInterestsCollectionReusableView.m in Sources */,
				8406A8DC1EA6761500C60267 /* AppDelegate.m in Sources */,
				8D9A36701EB4E1F600036272 /* SASectionView2.m in Sources */,
				8DF8642E1EB2267D00777E98 /* SALogInViewController.m in Sources */,
				AE1602961EB95FC800E8E68F /* SANewViewController.m in Sources */,
				84CBE4781EBA57BF00ACD0DF /* SAClosedEventDescriptionTableViewCell.m in Sources */,
				AE66FF381EB10EFA008EBC5E /* SAForgotPasswordViewController.m in Sources */,
				84B17E041EC644BD009480DA /* SAAskTheUserToCustomizeProfileViewController.m in Sources */,
				84DC117D1EACF32100A9A90C /* SAActivity.m in Sources */,
				8D8693481EC09D4E0007D716 /* SAInterestsNavigationController.m in Sources */,
				8406A8D91EA6761500C60267 /* main.m in Sources */,
				84DC11801EACF3D200A9A90C /* SAMatchMakerCore.m in Sources */,
				29A4CA521EB22F9C00DCA3FA /* SANewEvent3ViewController.m in Sources */,
				84DC11841EAD00BD00A9A90C /* SAPersonDAO.m in Sources */,
				8DF864341EB22EE400777E98 /* SANewsFeedTableViewController.m in Sources */,
				84D4C2CC1EC1686A00291DDE /* SAGenderSelectionViewController.m in Sources */,
				29A4CA4F1EB22F8D00DCA3FA /* SANewEvent2ViewController.m in Sources */,
				84CBE4751EBA38C100ACD0DF /* ClosedEventDescriptionViewController.m in Sources */,
				AE66FF371EB10EFA008EBC5E /* SAFirstProfileViewController.m in Sources */,
				842B42631EAF7C400096BD37 /* SAEventConnector.m in Sources */,
				29763C161EBBC78600DFEE7A /* SANewEventButton.m in Sources */,
				842B42591EAF67EA0096BD37 /* SAEventDAO.m in Sources */,
				8D4824911EB2353400D2FE5B /* SANewsFeedTableViewCell.m in Sources */,
				AE66FF3A1EB10EFA008EBC5E /* SASecondaryViewController.m in Sources */,
				29763C0C1EB9723200DFEE7A /* SAFriendCollectionViewCell.m in Sources */,
				8DD37CE11EBBEEEC00E1CC1D /* SAAskPhoneViewController.m in Sources */,
				29D5F7081EC4D78D005A3B1F /* SAEventViewController.m in Sources */,
				84CBE4721EB238DB00ACD0DF /* SAEventsTableViewCell.m in Sources */,
				29763C101EB993D200DFEE7A /* SAShiftCollectionViewCell.m in Sources */,
				29E248131EB8CECD00088B98 /* SANewEvent5ViewController.m in Sources */,
				AE1602891EB3B81F00E8E68F /* SACollectionButtonViewCell.m in Sources */,
				29A4CA551EB22FA800DCA3FA /* SANewEvent4ViewController.m in Sources */,
			);
			runOnlyForDeploymentPostprocessing = 0;
		};
/* End PBXSourcesBuildPhase section */

/* Begin PBXVariantGroup section */
		8406A8E01EA6761500C60267 /* Main.storyboard */ = {
			isa = PBXVariantGroup;
			children = (
				8406A8E11EA6761500C60267 /* Base */,
			);
			name = Main.storyboard;
			sourceTree = "<group>";
		};
		8406A8E51EA6761500C60267 /* LaunchScreen.storyboard */ = {
			isa = PBXVariantGroup;
			children = (
				8406A8E61EA6761500C60267 /* Base */,
			);
			name = LaunchScreen.storyboard;
			sourceTree = "<group>";
		};
		AE66FF2C1EB10EA2008EBC5E /* Secondary.storyboard */ = {
			isa = PBXVariantGroup;
			children = (
				AE66FF2D1EB10EA2008EBC5E /* Base */,
			);
			name = Secondary.storyboard;
			sourceTree = "<group>";
		};
/* End PBXVariantGroup section */

/* Begin XCBuildConfiguration section */
		8406A8E91EA6761500C60267 /* Debug */ = {
			isa = XCBuildConfiguration;
			buildSettings = {
				ALWAYS_SEARCH_USER_PATHS = NO;
				CLANG_ANALYZER_NONNULL = YES;
				CLANG_ANALYZER_NUMBER_OBJECT_CONVERSION = YES_AGGRESSIVE;
				CLANG_CXX_LANGUAGE_STANDARD = "gnu++0x";
				CLANG_CXX_LIBRARY = "libc++";
				CLANG_ENABLE_MODULES = YES;
				CLANG_ENABLE_OBJC_ARC = YES;
				CLANG_WARN_BOOL_CONVERSION = YES;
				CLANG_WARN_CONSTANT_CONVERSION = YES;
				CLANG_WARN_DIRECT_OBJC_ISA_USAGE = YES_ERROR;
				CLANG_WARN_DOCUMENTATION_COMMENTS = YES;
				CLANG_WARN_EMPTY_BODY = YES;
				CLANG_WARN_ENUM_CONVERSION = YES;
				CLANG_WARN_INFINITE_RECURSION = YES;
				CLANG_WARN_INT_CONVERSION = YES;
				CLANG_WARN_OBJC_ROOT_CLASS = YES_ERROR;
				CLANG_WARN_SUSPICIOUS_MOVE = YES;
				CLANG_WARN_UNREACHABLE_CODE = YES;
				CLANG_WARN__DUPLICATE_METHOD_MATCH = YES;
				"CODE_SIGN_IDENTITY[sdk=iphoneos*]" = "iPhone Developer";
				COPY_PHASE_STRIP = NO;
				DEBUG_INFORMATION_FORMAT = dwarf;
				ENABLE_STRICT_OBJC_MSGSEND = YES;
				ENABLE_TESTABILITY = YES;
				GCC_C_LANGUAGE_STANDARD = gnu99;
				GCC_DYNAMIC_NO_PIC = NO;
				GCC_NO_COMMON_BLOCKS = YES;
				GCC_OPTIMIZATION_LEVEL = 0;
				GCC_PREPROCESSOR_DEFINITIONS = (
					"DEBUG=1",
					"$(inherited)",
				);
				GCC_WARN_64_TO_32_BIT_CONVERSION = YES;
				GCC_WARN_ABOUT_RETURN_TYPE = YES_ERROR;
				GCC_WARN_UNDECLARED_SELECTOR = YES;
				GCC_WARN_UNINITIALIZED_AUTOS = YES_AGGRESSIVE;
				GCC_WARN_UNUSED_FUNCTION = YES;
				GCC_WARN_UNUSED_VARIABLE = YES;
				IPHONEOS_DEPLOYMENT_TARGET = 10.3;
				MTL_ENABLE_DEBUG_INFO = YES;
				ONLY_ACTIVE_ARCH = YES;
				SDKROOT = iphoneos;
				TARGETED_DEVICE_FAMILY = "1,2";
			};
			name = Debug;
		};
		8406A8EA1EA6761500C60267 /* Release */ = {
			isa = XCBuildConfiguration;
			buildSettings = {
				ALWAYS_SEARCH_USER_PATHS = NO;
				CLANG_ANALYZER_NONNULL = YES;
				CLANG_ANALYZER_NUMBER_OBJECT_CONVERSION = YES_AGGRESSIVE;
				CLANG_CXX_LANGUAGE_STANDARD = "gnu++0x";
				CLANG_CXX_LIBRARY = "libc++";
				CLANG_ENABLE_MODULES = YES;
				CLANG_ENABLE_OBJC_ARC = YES;
				CLANG_WARN_BOOL_CONVERSION = YES;
				CLANG_WARN_CONSTANT_CONVERSION = YES;
				CLANG_WARN_DIRECT_OBJC_ISA_USAGE = YES_ERROR;
				CLANG_WARN_DOCUMENTATION_COMMENTS = YES;
				CLANG_WARN_EMPTY_BODY = YES;
				CLANG_WARN_ENUM_CONVERSION = YES;
				CLANG_WARN_INFINITE_RECURSION = YES;
				CLANG_WARN_INT_CONVERSION = YES;
				CLANG_WARN_OBJC_ROOT_CLASS = YES_ERROR;
				CLANG_WARN_SUSPICIOUS_MOVE = YES;
				CLANG_WARN_UNREACHABLE_CODE = YES;
				CLANG_WARN__DUPLICATE_METHOD_MATCH = YES;
				"CODE_SIGN_IDENTITY[sdk=iphoneos*]" = "iPhone Developer";
				COPY_PHASE_STRIP = NO;
				DEBUG_INFORMATION_FORMAT = "dwarf-with-dsym";
				ENABLE_NS_ASSERTIONS = NO;
				ENABLE_STRICT_OBJC_MSGSEND = YES;
				GCC_C_LANGUAGE_STANDARD = gnu99;
				GCC_NO_COMMON_BLOCKS = YES;
				GCC_WARN_64_TO_32_BIT_CONVERSION = YES;
				GCC_WARN_ABOUT_RETURN_TYPE = YES_ERROR;
				GCC_WARN_UNDECLARED_SELECTOR = YES;
				GCC_WARN_UNINITIALIZED_AUTOS = YES_AGGRESSIVE;
				GCC_WARN_UNUSED_FUNCTION = YES;
				GCC_WARN_UNUSED_VARIABLE = YES;
				IPHONEOS_DEPLOYMENT_TARGET = 10.3;
				MTL_ENABLE_DEBUG_INFO = NO;
				SDKROOT = iphoneos;
				TARGETED_DEVICE_FAMILY = "1,2";
				VALIDATE_PRODUCT = YES;
			};
			name = Release;
		};
		8406A8EC1EA6761500C60267 /* Debug */ = {
			isa = XCBuildConfiguration;
			baseConfigurationReference = ECB8D9221E12E0DF893859DE /* Pods-SportsApp.debug.xcconfig */;
			buildSettings = {
				ASSETCATALOG_COMPILER_APPICON_NAME = AppIcon;
				CODE_SIGN_ENTITLEMENTS = SportsApp/SportsApp.entitlements;
				DEBUG_INFORMATION_FORMAT = "dwarf-with-dsym";
				DEVELOPMENT_TEAM = M3PUPH2NBH;
				GCC_INCREASE_PRECOMPILED_HEADER_SHARING = NO;
				GCC_NO_COMMON_BLOCKS = NO;
				INFOPLIST_FILE = SportsApp/Info.plist;
				IPHONEOS_DEPLOYMENT_TARGET = 9.0;
				LD_RUNPATH_SEARCH_PATHS = "$(inherited) @executable_path/Frameworks";
				PRODUCT_BUNDLE_IDENTIFIER = Scheltzke.SportsApp;
				PRODUCT_NAME = "$(TARGET_NAME)";
				PROVISIONING_PROFILE = "f15256c1-09fe-4b1e-886a-b3dee676ff3f";
				PROVISIONING_PROFILE_SPECIFIER = SportsAppProfile;
				TARGETED_DEVICE_FAMILY = 1;
			};
			name = Debug;
		};
		8406A8ED1EA6761500C60267 /* Release */ = {
			isa = XCBuildConfiguration;
			baseConfigurationReference = 1181F65BA0715271D7E885B4 /* Pods-SportsApp.release.xcconfig */;
			buildSettings = {
				ASSETCATALOG_COMPILER_APPICON_NAME = AppIcon;
				CODE_SIGN_ENTITLEMENTS = SportsApp/SportsApp.entitlements;
				DEBUG_INFORMATION_FORMAT = "dwarf-with-dsym";
				DEVELOPMENT_TEAM = M3PUPH2NBH;
				GCC_INCREASE_PRECOMPILED_HEADER_SHARING = NO;
				GCC_NO_COMMON_BLOCKS = NO;
				INFOPLIST_FILE = SportsApp/Info.plist;
				IPHONEOS_DEPLOYMENT_TARGET = 9.0;
				LD_RUNPATH_SEARCH_PATHS = "$(inherited) @executable_path/Frameworks";
				PRODUCT_BUNDLE_IDENTIFIER = Scheltzke.SportsApp;
				PRODUCT_NAME = "$(TARGET_NAME)";
				PROVISIONING_PROFILE = "f15256c1-09fe-4b1e-886a-b3dee676ff3f";
				PROVISIONING_PROFILE_SPECIFIER = SportsAppProfile;
				TARGETED_DEVICE_FAMILY = 1;
			};
			name = Release;
		};
/* End XCBuildConfiguration section */

/* Begin XCConfigurationList section */
		8406A8CF1EA6761500C60267 /* Build configuration list for PBXProject "SportsApp" */ = {
			isa = XCConfigurationList;
			buildConfigurations = (
				8406A8E91EA6761500C60267 /* Debug */,
				8406A8EA1EA6761500C60267 /* Release */,
			);
			defaultConfigurationIsVisible = 0;
			defaultConfigurationName = Release;
		};
		8406A8EB1EA6761500C60267 /* Build configuration list for PBXNativeTarget "SportsApp" */ = {
			isa = XCConfigurationList;
			buildConfigurations = (
				8406A8EC1EA6761500C60267 /* Debug */,
				8406A8ED1EA6761500C60267 /* Release */,
			);
			defaultConfigurationIsVisible = 0;
			defaultConfigurationName = Release;
		};
/* End XCConfigurationList section */
	};
	rootObject = 8406A8CC1EA6761500C60267 /* Project object */;
}
